// !$*UTF8*$!
{
	archiveVersion = 1;
	classes = {
	};
	objectVersion = 77;
	objects = {

/* Begin PBXContainerItemProxy section */
		831D14362DCC71CE00ABB911 /* PBXContainerItemProxy */ = {
			isa = PBXContainerItemProxy;
			containerPortal = 831D14202DCC71CB00ABB911 /* Project object */;
			proxyType = 1;
			remoteGlobalIDString = 831D14272DCC71CB00ABB911;
			remoteInfo = ConcertBookingSystem;
		};
		831D14402DCC71CE00ABB911 /* PBXContainerItemProxy */ = {
			isa = PBXContainerItemProxy;
			containerPortal = 831D14202DCC71CB00ABB911 /* Project object */;
			proxyType = 1;
			remoteGlobalIDString = 831D14272DCC71CB00ABB911;
			remoteInfo = ConcertBookingSystem;
		};
/* End PBXContainerItemProxy section */

/* Begin PBXFileReference section */
		831D14282DCC71CB00ABB911 /* ConcertBookingSystem.app */ = {isa = PBXFileReference; explicitFileType = wrapper.application; includeInIndex = 0; path = ConcertBookingSystem.app; sourceTree = BUILT_PRODUCTS_DIR; };
		831D14352DCC71CE00ABB911 /* ConcertBookingSystemTests.xctest */ = {isa = PBXFileReference; explicitFileType = wrapper.cfbundle; includeInIndex = 0; path = ConcertBookingSystemTests.xctest; sourceTree = BUILT_PRODUCTS_DIR; };
		831D143F2DCC71CE00ABB911 /* ConcertBookingSystemUITests.xctest */ = {isa = PBXFileReference; explicitFileType = wrapper.cfbundle; includeInIndex = 0; path = ConcertBookingSystemUITests.xctest; sourceTree = BUILT_PRODUCTS_DIR; };
/* End PBXFileReference section */

/* Begin PBXFileSystemSynchronizedRootGroup section */
		831D142A2DCC71CB00ABB911 /* ConcertBookingSystem */ = {
			isa = PBXFileSystemSynchronizedRootGroup;
			path = ConcertBookingSystem;
			sourceTree = "<group>";
		};
		831D14382DCC71CE00ABB911 /* ConcertBookingSystemTests */ = {
			isa = PBXFileSystemSynchronizedRootGroup;
			path = ConcertBookingSystemTests;
			sourceTree = "<group>";
		};
		831D14422DCC71CE00ABB911 /* ConcertBookingSystemUITests */ = {
			isa = PBXFileSystemSynchronizedRootGroup;
			path = ConcertBookingSystemUITests;
			sourceTree = "<group>";
		};
/* End PBXFileSystemSynchronizedRootGroup section */

/* Begin PBXFrameworksBuildPhase section */
		831D14252DCC71CB00ABB911 /* Frameworks */ = {
			isa = PBXFrameworksBuildPhase;
			buildActionMask = 2147483647;
			files = (
			);
			runOnlyForDeploymentPostprocessing = 0;
		};
		831D14322DCC71CE00ABB911 /* Frameworks */ = {
			isa = PBXFrameworksBuildPhase;
			buildActionMask = 2147483647;
			files = (
			);
			runOnlyForDeploymentPostprocessing = 0;
		};
		831D143C2DCC71CE00ABB911 /* Frameworks */ = {
			isa = PBXFrameworksBuildPhase;
			buildActionMask = 2147483647;
			files = (
			);
			runOnlyForDeploymentPostprocessing = 0;
		};
/* End PBXFrameworksBuildPhase section */

/* Begin PBXGroup section */
		831D141F2DCC71CB00ABB911 = {
			isa = PBXGroup;
			children = (
				831D142A2DCC71CB00ABB911 /* ConcertBookingSystem */,
				831D14382DCC71CE00ABB911 /* ConcertBookingSystemTests */,
				831D14422DCC71CE00ABB911 /* ConcertBookingSystemUITests */,
				831D14292DCC71CB00ABB911 /* Products */,
			);
			sourceTree = "<group>";
		};
		831D14292DCC71CB00ABB911 /* Products */ = {
			isa = PBXGroup;
			children = (
				831D14282DCC71CB00ABB911 /* ConcertBookingSystem.app */,
				831D14352DCC71CE00ABB911 /* ConcertBookingSystemTests.xctest */,
				831D143F2DCC71CE00ABB911 /* ConcertBookingSystemUITests.xctest */,
			);
			name = Products;
			sourceTree = "<group>";
		};
/* End PBXGroup section */

/* Begin PBXNativeTarget section */
		831D14272DCC71CB00ABB911 /* ConcertBookingSystem */ = {
			isa = PBXNativeTarget;
			buildConfigurationList = 831D14492DCC71CE00ABB911 /* Build configuration list for PBXNativeTarget "ConcertBookingSystem" */;
			buildPhases = (
				831D14242DCC71CB00ABB911 /* Sources */,
				831D14252DCC71CB00ABB911 /* Frameworks */,
				831D14262DCC71CB00ABB911 /* Resources */,
			);
			buildRules = (
			);
			dependencies = (
			);
			fileSystemSynchronizedGroups = (
				831D142A2DCC71CB00ABB911 /* ConcertBookingSystem */,
			);
			name = ConcertBookingSystem;
			packageProductDependencies = (
			);
			productName = ConcertBookingSystem;
			productReference = 831D14282DCC71CB00ABB911 /* ConcertBookingSystem.app */;
			productType = "com.apple.product-type.application";
		};
		831D14342DCC71CE00ABB911 /* ConcertBookingSystemTests */ = {
			isa = PBXNativeTarget;
			buildConfigurationList = 831D144C2DCC71CE00ABB911 /* Build configuration list for PBXNativeTarget "ConcertBookingSystemTests" */;
			buildPhases = (
				831D14312DCC71CE00ABB911 /* Sources */,
				831D14322DCC71CE00ABB911 /* Frameworks */,
				831D14332DCC71CE00ABB911 /* Resources */,
			);
			buildRules = (
			);
			dependencies = (
				831D14372DCC71CE00ABB911 /* PBXTargetDependency */,
			);
			fileSystemSynchronizedGroups = (
				831D14382DCC71CE00ABB911 /* ConcertBookingSystemTests */,
			);
			name = ConcertBookingSystemTests;
			packageProductDependencies = (
			);
			productName = ConcertBookingSystemTests;
			productReference = 831D14352DCC71CE00ABB911 /* ConcertBookingSystemTests.xctest */;
			productType = "com.apple.product-type.bundle.unit-test";
		};
		831D143E2DCC71CE00ABB911 /* ConcertBookingSystemUITests */ = {
			isa = PBXNativeTarget;
			buildConfigurationList = 831D144F2DCC71CE00ABB911 /* Build configuration list for PBXNativeTarget "ConcertBookingSystemUITests" */;
			buildPhases = (
				831D143B2DCC71CE00ABB911 /* Sources */,
				831D143C2DCC71CE00ABB911 /* Frameworks */,
				831D143D2DCC71CE00ABB911 /* Resources */,
			);
			buildRules = (
			);
			dependencies = (
				831D14412DCC71CE00ABB911 /* PBXTargetDependency */,
			);
			fileSystemSynchronizedGroups = (
				831D14422DCC71CE00ABB911 /* ConcertBookingSystemUITests */,
			);
			name = ConcertBookingSystemUITests;
			packageProductDependencies = (
			);
			productName = ConcertBookingSystemUITests;
			productReference = 831D143F2DCC71CE00ABB911 /* ConcertBookingSystemUITests.xctest */;
			productType = "com.apple.product-type.bundle.ui-testing";
		};
/* End PBXNativeTarget section */

/* Begin PBXProject section */
		831D14202DCC71CB00ABB911 /* Project object */ = {
			isa = PBXProject;
			attributes = {
				BuildIndependentTargetsInParallel = 1;
				LastSwiftUpdateCheck = 1630;
				LastUpgradeCheck = 1630;
				TargetAttributes = {
					831D14272DCC71CB00ABB911 = {
						CreatedOnToolsVersion = 16.3;
					};
					831D14342DCC71CE00ABB911 = {
						CreatedOnToolsVersion = 16.3;
						TestTargetID = 831D14272DCC71CB00ABB911;
					};
					831D143E2DCC71CE00ABB911 = {
						CreatedOnToolsVersion = 16.3;
						TestTargetID = 831D14272DCC71CB00ABB911;
					};
				};
			};
			buildConfigurationList = 831D14232DCC71CB00ABB911 /* Build configuration list for PBXProject "ConcertBookingSystem" */;
			developmentRegion = en;
			hasScannedForEncodings = 0;
			knownRegions = (
				en,
				Base,
			);
			mainGroup = 831D141F2DCC71CB00ABB911;
			minimizedProjectReferenceProxies = 1;
			preferredProjectObjectVersion = 77;
			productRefGroup = 831D14292DCC71CB00ABB911 /* Products */;
			projectDirPath = "";
			projectRoot = "";
			targets = (
				831D14272DCC71CB00ABB911 /* ConcertBookingSystem */,
				831D14342DCC71CE00ABB911 /* ConcertBookingSystemTests */,
				831D143E2DCC71CE00ABB911 /* ConcertBookingSystemUITests */,
			);
		};
/* End PBXProject section */

/* Begin PBXResourcesBuildPhase section */
		831D14262DCC71CB00ABB911 /* Resources */ = {
			isa = PBXResourcesBuildPhase;
			buildActionMask = 2147483647;
			files = (
			);
			runOnlyForDeploymentPostprocessing = 0;
		};
		831D14332DCC71CE00ABB911 /* Resources */ = {
			isa = PBXResourcesBuildPhase;
			buildActionMask = 2147483647;
			files = (
			);
			runOnlyForDeploymentPostprocessing = 0;
		};
		831D143D2DCC71CE00ABB911 /* Resources */ = {
			isa = PBXResourcesBuildPhase;
			buildActionMask = 2147483647;
			files = (
			);
			runOnlyForDeploymentPostprocessing = 0;
		};
/* End PBXResourcesBuildPhase section */

/* Begin PBXSourcesBuildPhase section */
		831D14242DCC71CB00ABB911 /* Sources */ = {
			isa = PBXSourcesBuildPhase;
			buildActionMask = 2147483647;
			files = (
			);
			runOnlyForDeploymentPostprocessing = 0;
		};
		831D14312DCC71CE00ABB911 /* Sources */ = {
			isa = PBXSourcesBuildPhase;
			buildActionMask = 2147483647;
			files = (
			);
			runOnlyForDeploymentPostprocessing = 0;
		};
		831D143B2DCC71CE00ABB911 /* Sources */ = {
			isa = PBXSourcesBuildPhase;
			buildActionMask = 2147483647;
			files = (
			);
			runOnlyForDeploymentPostprocessing = 0;
		};
/* End PBXSourcesBuildPhase section */

/* Begin PBXTargetDependency section */
		831D14372DCC71CE00ABB911 /* PBXTargetDependency */ = {
			isa = PBXTargetDependency;
			target = 831D14272DCC71CB00ABB911 /* ConcertBookingSystem */;
			targetProxy = 831D14362DCC71CE00ABB911 /* PBXContainerItemProxy */;
		};
		831D14412DCC71CE00ABB911 /* PBXTargetDependency */ = {
			isa = PBXTargetDependency;
			target = 831D14272DCC71CB00ABB911 /* ConcertBookingSystem */;
			targetProxy = 831D14402DCC71CE00ABB911 /* PBXContainerItemProxy */;
		};
/* End PBXTargetDependency section */

/* Begin XCBuildConfiguration section */
		831D14472DCC71CE00ABB911 /* Debug */ = {
			isa = XCBuildConfiguration;
			buildSettings = {
				ALWAYS_SEARCH_USER_PATHS = NO;
				ASSETCATALOG_COMPILER_GENERATE_SWIFT_ASSET_SYMBOL_EXTENSIONS = YES;
				CLANG_ANALYZER_NONNULL = YES;
				CLANG_ANALYZER_NUMBER_OBJECT_CONVERSION = YES_AGGRESSIVE;
				CLANG_CXX_LANGUAGE_STANDARD = "gnu++20";
				CLANG_ENABLE_MODULES = YES;
				CLANG_ENABLE_OBJC_ARC = YES;
				CLANG_ENABLE_OBJC_WEAK = YES;
				CLANG_WARN_BLOCK_CAPTURE_AUTORELEASING = YES;
				CLANG_WARN_BOOL_CONVERSION = YES;
				CLANG_WARN_COMMA = YES;
				CLANG_WARN_CONSTANT_CONVERSION = YES;
				CLANG_WARN_DEPRECATED_OBJC_IMPLEMENTATIONS = YES;
				CLANG_WARN_DIRECT_OBJC_ISA_USAGE = YES_ERROR;
				CLANG_WARN_DOCUMENTATION_COMMENTS = YES;
				CLANG_WARN_EMPTY_BODY = YES;
				CLANG_WARN_ENUM_CONVERSION = YES;
				CLANG_WARN_INFINITE_RECURSION = YES;
				CLANG_WARN_INT_CONVERSION = YES;
				CLANG_WARN_NON_LITERAL_NULL_CONVERSION = YES;
				CLANG_WARN_OBJC_IMPLICIT_RETAIN_SELF = YES;
				CLANG_WARN_OBJC_LITERAL_CONVERSION = YES;
				CLANG_WARN_OBJC_ROOT_CLASS = YES_ERROR;
				CLANG_WARN_QUOTED_INCLUDE_IN_FRAMEWORK_HEADER = YES;
				CLANG_WARN_RANGE_LOOP_ANALYSIS = YES;
				CLANG_WARN_STRICT_PROTOTYPES = YES;
				CLANG_WARN_SUSPICIOUS_MOVE = YES;
				CLANG_WARN_UNGUARDED_AVAILABILITY = YES_AGGRESSIVE;
				CLANG_WARN_UNREACHABLE_CODE = YES;
				CLANG_WARN__DUPLICATE_METHOD_MATCH = YES;
				COPY_PHASE_STRIP = NO;
				DEBUG_INFORMATION_FORMAT = dwarf;
				ENABLE_STRICT_OBJC_MSGSEND = YES;
				ENABLE_TESTABILITY = YES;
				ENABLE_USER_SCRIPT_SANDBOXING = YES;
				GCC_C_LANGUAGE_STANDARD = gnu17;
				GCC_DYNAMIC_NO_PIC = NO;
				GCC_NO_COMMON_BLOCKS = YES;
				GCC_OPTIMIZATION_LEVEL = 0;
				GCC_PREPROCESSOR_DEFINITIONS = (
					"DEBUG=1",
					"$(inherited)",
				);
				GCC_WARN_64_TO_32_BIT_CONVERSION = YES;
				GCC_WARN_ABOUT_RETURN_TYPE = YES_ERROR;
				GCC_WARN_UNDECLARED_SELECTOR = YES;
				GCC_WARN_UNINITIALIZED_AUTOS = YES_AGGRESSIVE;
				GCC_WARN_UNUSED_FUNCTION = YES;
				GCC_WARN_UNUSED_VARIABLE = YES;
				IPHONEOS_DEPLOYMENT_TARGET = 18.4;
				LOCALIZATION_PREFERS_STRING_CATALOGS = YES;
				MTL_ENABLE_DEBUG_INFO = INCLUDE_SOURCE;
				MTL_FAST_MATH = YES;
				ONLY_ACTIVE_ARCH = YES;
				SDKROOT = iphoneos;
				SWIFT_ACTIVE_COMPILATION_CONDITIONS = "DEBUG $(inherited)";
				SWIFT_OPTIMIZATION_LEVEL = "-Onone";
			};
			name = Debug;
		};
		831D14482DCC71CE00ABB911 /* Release */ = {
			isa = XCBuildConfiguration;
			buildSettings = {
				ALWAYS_SEARCH_USER_PATHS = NO;
				ASSETCATALOG_COMPILER_GENERATE_SWIFT_ASSET_SYMBOL_EXTENSIONS = YES;
				CLANG_ANALYZER_NONNULL = YES;
				CLANG_ANALYZER_NUMBER_OBJECT_CONVERSION = YES_AGGRESSIVE;
				CLANG_CXX_LANGUAGE_STANDARD = "gnu++20";
				CLANG_ENABLE_MODULES = YES;
				CLANG_ENABLE_OBJC_ARC = YES;
				CLANG_ENABLE_OBJC_WEAK = YES;
				CLANG_WARN_BLOCK_CAPTURE_AUTORELEASING = YES;
				CLANG_WARN_BOOL_CONVERSION = YES;
				CLANG_WARN_COMMA = YES;
				CLANG_WARN_CONSTANT_CONVERSION = YES;
				CLANG_WARN_DEPRECATED_OBJC_IMPLEMENTATIONS = YES;
				CLANG_WARN_DIRECT_OBJC_ISA_USAGE = YES_ERROR;
				CLANG_WARN_DOCUMENTATION_COMMENTS = YES;
				CLANG_WARN_EMPTY_BODY = YES;
				CLANG_WARN_ENUM_CONVERSION = YES;
				CLANG_WARN_INFINITE_RECURSION = YES;
				CLANG_WARN_INT_CONVERSION = YES;
				CLANG_WARN_NON_LITERAL_NULL_CONVERSION = YES;
				CLANG_WARN_OBJC_IMPLICIT_RETAIN_SELF = YES;
				CLANG_WARN_OBJC_LITERAL_CONVERSION = YES;
				CLANG_WARN_OBJC_ROOT_CLASS = YES_ERROR;
				CLANG_WARN_QUOTED_INCLUDE_IN_FRAMEWORK_HEADER = YES;
				CLANG_WARN_RANGE_LOOP_ANALYSIS = YES;
				CLANG_WARN_STRICT_PROTOTYPES = YES;
				CLANG_WARN_SUSPICIOUS_MOVE = YES;
				CLANG_WARN_UNGUARDED_AVAILABILITY = YES_AGGRESSIVE;
				CLANG_WARN_UNREACHABLE_CODE = YES;
				CLANG_WARN__DUPLICATE_METHOD_MATCH = YES;
				COPY_PHASE_STRIP = NO;
				DEBUG_INFORMATION_FORMAT = "dwarf-with-dsym";
				ENABLE_NS_ASSERTIONS = NO;
				ENABLE_STRICT_OBJC_MSGSEND = YES;
				ENABLE_USER_SCRIPT_SANDBOXING = YES;
				GCC_C_LANGUAGE_STANDARD = gnu17;
				GCC_NO_COMMON_BLOCKS = YES;
				GCC_WARN_64_TO_32_BIT_CONVERSION = YES;
				GCC_WARN_ABOUT_RETURN_TYPE = YES_ERROR;
				GCC_WARN_UNDECLARED_SELECTOR = YES;
				GCC_WARN_UNINITIALIZED_AUTOS = YES_AGGRESSIVE;
				GCC_WARN_UNUSED_FUNCTION = YES;
				GCC_WARN_UNUSED_VARIABLE = YES;
				IPHONEOS_DEPLOYMENT_TARGET = 18.4;
				LOCALIZATION_PREFERS_STRING_CATALOGS = YES;
				MTL_ENABLE_DEBUG_INFO = NO;
				MTL_FAST_MATH = YES;
				SDKROOT = iphoneos;
				SWIFT_COMPILATION_MODE = wholemodule;
				VALIDATE_PRODUCT = YES;
			};
			name = Release;
		};
		831D144A2DCC71CE00ABB911 /* Debug */ = {
			isa = XCBuildConfiguration;
			buildSettings = {
				ASSETCATALOG_COMPILER_APPICON_NAME = AppIcon;
				ASSETCATALOG_COMPILER_GLOBAL_ACCENT_COLOR_NAME = AccentColor;
				CODE_SIGN_STYLE = Automatic;
				CURRENT_PROJECT_VERSION = 1;
				ENABLE_PREVIEWS = YES;
				GENERATE_INFOPLIST_FILE = YES;
				INFOPLIST_KEY_UIApplicationSceneManifest_Generation = YES;
				INFOPLIST_KEY_UIApplicationSupportsIndirectInputEvents = YES;
				INFOPLIST_KEY_UILaunchScreen_Generation = YES;
				INFOPLIST_KEY_UISupportedInterfaceOrientations_iPad = "UIInterfaceOrientationPortrait UIInterfaceOrientationPortraitUpsideDown UIInterfaceOrientationLandscapeLeft UIInterfaceOrientationLandscapeRight";
				INFOPLIST_KEY_UISupportedInterfaceOrientations_iPhone = "UIInterfaceOrientationPortrait UIInterfaceOrientationLandscapeLeft UIInterfaceOrientationLandscapeRight";
				LD_RUNPATH_SEARCH_PATHS = (
					"$(inherited)",
					"@executable_path/Frameworks",
				);
				MARKETING_VERSION = 1.0;
				PRODUCT_BUNDLE_IDENTIFIER = JerrieYang.ConcertBookingSystem;
				PRODUCT_NAME = "$(TARGET_NAME)";
				SWIFT_EMIT_LOC_STRINGS = YES;
				SWIFT_VERSION = 5.0;
				TARGETED_DEVICE_FAMILY = "1,2";
			};
			name = Debug;
		};
		831D144B2DCC71CE00ABB911 /* Release */ = {
			isa = XCBuildConfiguration;
			buildSettings = {
				ASSETCATALOG_COMPILER_APPICON_NAME = AppIcon;
				ASSETCATALOG_COMPILER_GLOBAL_ACCENT_COLOR_NAME = AccentColor;
				CODE_SIGN_STYLE = Automatic;
				CURRENT_PROJECT_VERSION = 1;
				ENABLE_PREVIEWS = YES;
				GENERATE_INFOPLIST_FILE = YES;
				INFOPLIST_KEY_UIApplicationSceneManifest_Generation = YES;
				INFOPLIST_KEY_UIApplicationSupportsIndirectInputEvents = YES;
				INFOPLIST_KEY_UILaunchScreen_Generation = YES;
				INFOPLIST_KEY_UISupportedInterfaceOrientations_iPad = "UIInterfaceOrientationPortrait UIInterfaceOrientationPortraitUpsideDown UIInterfaceOrientationLandscapeLeft UIInterfaceOrientationLandscapeRight";
				INFOPLIST_KEY_UISupportedInterfaceOrientations_iPhone = "UIInterfaceOrientationPortrait UIInterfaceOrientationLandscapeLeft UIInterfaceOrientationLandscapeRight";
				LD_RUNPATH_SEARCH_PATHS = (
					"$(inherited)",
					"@executable_path/Frameworks",
				);
				MARKETING_VERSION = 1.0;
				PRODUCT_BUNDLE_IDENTIFIER = JerrieYang.ConcertBookingSystem;
				PRODUCT_NAME = "$(TARGET_NAME)";
				SWIFT_EMIT_LOC_STRINGS = YES;
				SWIFT_VERSION = 5.0;
				TARGETED_DEVICE_FAMILY = "1,2";
			};
			name = Release;
		};
		831D144D2DCC71CE00ABB911 /* Debug */ = {
			isa = XCBuildConfiguration;
			buildSettings = {
				BUNDLE_LOADER = "$(TEST_HOST)";
				CODE_SIGN_STYLE = Automatic;
				CURRENT_PROJECT_VERSION = 1;
				GENERATE_INFOPLIST_FILE = YES;
				IPHONEOS_DEPLOYMENT_TARGET = 18.4;
				MARKETING_VERSION = 1.0;
				PRODUCT_BUNDLE_IDENTIFIER = JerrieYang.ConcertBookingSystemTests;
				PRODUCT_NAME = "$(TARGET_NAME)";
				SWIFT_EMIT_LOC_STRINGS = NO;
				SWIFT_VERSION = 5.0;
				TARGETED_DEVICE_FAMILY = "1,2";
				TEST_HOST = "$(BUILT_PRODUCTS_DIR)/ConcertBookingSystem.app/$(BUNDLE_EXECUTABLE_FOLDER_PATH)/ConcertBookingSystem";
			};
			name = Debug;
		};
		831D144E2DCC71CE00ABB911 /* Release */ = {
			isa = XCBuildConfiguration;
			buildSettings = {
				BUNDLE_LOADER = "$(TEST_HOST)";
				CODE_SIGN_STYLE = Automatic;
				CURRENT_PROJECT_VERSION = 1;
				GENERATE_INFOPLIST_FILE = YES;
				IPHONEOS_DEPLOYMENT_TARGET = 18.4;
				MARKETING_VERSION = 1.0;
				PRODUCT_BUNDLE_IDENTIFIER = JerrieYang.ConcertBookingSystemTests;
				PRODUCT_NAME = "$(TARGET_NAME)";
				SWIFT_EMIT_LOC_STRINGS = NO;
				SWIFT_VERSION = 5.0;
				TARGETED_DEVICE_FAMILY = "1,2";
				TEST_HOST = "$(BUILT_PRODUCTS_DIR)/ConcertBookingSystem.app/$(BUNDLE_EXECUTABLE_FOLDER_PATH)/ConcertBookingSystem";
			};
			name = Release;
		};
		831D14502DCC71CE00ABB911 /* Debug */ = {
			isa = XCBuildConfiguration;
			buildSettings = {
				CODE_SIGN_STYLE = Automatic;
				CURRENT_PROJECT_VERSION = 1;
				GENERATE_INFOPLIST_FILE = YES;
				MARKETING_VERSION = 1.0;
				PRODUCT_BUNDLE_IDENTIFIER = JerrieYang.ConcertBookingSystemUITests;
				PRODUCT_NAME = "$(TARGET_NAME)";
				SWIFT_EMIT_LOC_STRINGS = NO;
				SWIFT_VERSION = 5.0;
				TARGETED_DEVICE_FAMILY = "1,2";
				TEST_TARGET_NAME = ConcertBookingSystem;
			};
			name = Debug;
		};
		831D14512DCC71CE00ABB911 /* Release */ = {
			isa = XCBuildConfiguration;
			buildSettings = {
				CODE_SIGN_STYLE = Automatic;
				CURRENT_PROJECT_VERSION = 1;
				GENERATE_INFOPLIST_FILE = YES;
				MARKETING_VERSION = 1.0;
				PRODUCT_BUNDLE_IDENTIFIER = JerrieYang.ConcertBookingSystemUITests;
				PRODUCT_NAME = "$(TARGET_NAME)";
				SWIFT_EMIT_LOC_STRINGS = NO;
				SWIFT_VERSION = 5.0;
				TARGETED_DEVICE_FAMILY = "1,2";
				TEST_TARGET_NAME = ConcertBookingSystem;
			};
			name = Release;
		};
/* End XCBuildConfiguration section */

/* Begin XCConfigurationList section */
		831D14232DCC71CB00ABB911 /* Build configuration list for PBXProject "ConcertBookingSystem" */ = {
			isa = XCConfigurationList;
			buildConfigurations = (
				831D14472DCC71CE00ABB911 /* Debug */,
				831D14482DCC71CE00ABB911 /* Release */,
			);
			defaultConfigurationIsVisible = 0;
			defaultConfigurationName = Release;
		};
		831D14492DCC71CE00ABB911 /* Build configuration list for PBXNativeTarget "ConcertBookingSystem" */ = {
			isa = XCConfigurationList;
			buildConfigurations = (
				831D144A2DCC71CE00ABB911 /* Debug */,
				831D144B2DCC71CE00ABB911 /* Release */,
			);
			defaultConfigurationIsVisible = 0;
			defaultConfigurationName = Release;
		};
		831D144C2DCC71CE00ABB911 /* Build configuration list for PBXNativeTarget "ConcertBookingSystemTests" */ = {
			isa = XCConfigurationList;
			buildConfigurations = (
				831D144D2DCC71CE00ABB911 /* Debug */,
				831D144E2DCC71CE00ABB911 /* Release */,
			);
			defaultConfigurationIsVisible = 0;
			defaultConfigurationName = Release;
		};
		831D144F2DCC71CE00ABB911 /* Build configuration list for PBXNativeTarget "ConcertBookingSystemUITests" */ = {
			isa = XCConfigurationList;
			buildConfigurations = (
				831D14502DCC71CE00ABB911 /* Debug */,
				831D14512DCC71CE00ABB911 /* Release */,
			);
			defaultConfigurationIsVisible = 0;
			defaultConfigurationName = Release;
		};
/* End XCConfigurationList section */
	};
	rootObject = 831D14202DCC71CB00ABB911 /* Project object */;
}
